
Microsoft Visual Studio Solution File, Format Version 12.00
# Visual Studio 2013
VisualStudioVersion = 12.0.30723.0
MinimumVisualStudioVersion = 10.0.40219.1
Project("{FAE04EC0-301F-11D3-BF4B-00C04F79EFBC}") = "DayOne.NET", "DayOne.NET\DayOne.NET.csproj", "{3060129D-1F95-45D6-9B98-D5B8EF1022CC}"
EndProject
Global
	GlobalSection(SolutionConfigurationPlatforms) = preSolution
		Debug|Any CPU = Debug|Any CPU
		Release|Any CPU = Release|Any CPU
	EndGlobalSection
	GlobalSection(ProjectConfigurationPlatforms) = postSolution
		{3060129D-1F95-45D6-9B98-D5B8EF1022CC}.Debug|Any CPU.ActiveCfg = Debug|Any CPU
		{3060129D-1F95-45D6-9B98-D5B8EF1022CC}.Debug|Any CPU.Build.0 = Debug|Any CPU
		{3060129D-1F95-45D6-9B98-D5B8EF1022CC}.Release|Any CPU.ActiveCfg = Release|Any CPU
		{3060129D-1F95-45D6-9B98-D5B8EF1022CC}.Release|Any CPU.Build.0 = Release|Any CPU
	EndGlobalSection
	GlobalSection(SolutionProperties) = preSolution
		HideSolutionNode = FALSE
	EndGlobalSection
EndGlobal
